
Microsoft Visual Studio Solution File, Format Version 12.00
# Visual Studio 14
VisualStudioVersion = 14.0.25420.1
MinimumVisualStudioVersion = 10.0.40219.1
Project("{FAE04EC0-301F-11D3-BF4B-00C04F79EFBC}") = "WcfServiceApps_Movies_Practice_3", "WcfServiceApps_Movies_Practice_3\WcfServiceApps_Movies_Practice_3.csproj", "{66F4D32B-065C-4051-932B-82DA5F3C1EFA}"
EndProject
Project("{FAE04EC0-301F-11D3-BF4B-00C04F79EFBC}") = "WebApplication_WCF_Movies_Prc2", "WebApplication_WCF_Movies_Prc2\WebApplication_WCF_Movies_Prc2.csproj", "{E7A82589-3747-4ED3-9389-7C0707AF0144}"
	ProjectSection(ProjectDependencies) = postProject
		{66F4D32B-065C-4051-932B-82DA5F3C1EFA} = {66F4D32B-065C-4051-932B-82DA5F3C1EFA}
	EndProjectSection
EndProject
Global
	GlobalSection(SolutionConfigurationPlatforms) = preSolution
		Debug|Any CPU = Debug|Any CPU
		Release|Any CPU = Release|Any CPU
	EndGlobalSection
	GlobalSection(ProjectConfigurationPlatforms) = postSolution
		{66F4D32B-065C-4051-932B-82DA5F3C1EFA}.Debug|Any CPU.ActiveCfg = Debug|Any CPU
		{66F4D32B-065C-4051-932B-82DA5F3C1EFA}.Debug|Any CPU.Build.0 = Debug|Any CPU
		{66F4D32B-065C-4051-932B-82DA5F3C1EFA}.Release|Any CPU.ActiveCfg = Release|Any CPU
		{66F4D32B-065C-4051-932B-82DA5F3C1EFA}.Release|Any CPU.Build.0 = Release|Any CPU
		{E7A82589-3747-4ED3-9389-7C0707AF0144}.Debug|Any CPU.ActiveCfg = Debug|Any CPU
		{E7A82589-3747-4ED3-9389-7C0707AF0144}.Debug|Any CPU.Build.0 = Debug|Any CPU
		{E7A82589-3747-4ED3-9389-7C0707AF0144}.Release|Any CPU.ActiveCfg = Release|Any CPU
		{E7A82589-3747-4ED3-9389-7C0707AF0144}.Release|Any CPU.Build.0 = Release|Any CPU
	EndGlobalSection
	GlobalSection(SolutionProperties) = preSolution
		HideSolutionNode = FALSE
	EndGlobalSection
EndGlobal
